
Microsoft Visual Studio Solution File, Format Version 12.00
# Visual Studio 2012
Project("{2150E333-8FDC-42A3-9474-1A3956D46DE8}") = "MT.Application", "MT.Application", "{6EBEA807-778E-45E0-B93F-15666D2D3573}"
EndProject
Project("{2150E333-8FDC-42A3-9474-1A3956D46DE8}") = "MT.Cache", "MT.Cache", "{87A6B9D4-CB1D-4315-ABD4-085CB63A0123}"
EndProject
Project("{2150E333-8FDC-42A3-9474-1A3956D46DE8}") = "MT.Utility", "MT.Utility", "{5A961EDC-E94F-4B61-AB58-DB2CB52F88D9}"
EndProject
Project("{2150E333-8FDC-42A3-9474-1A3956D46DE8}") = "MT.Data", "MT.Data", "{AC74636A-CDDD-415C-8E6F-BFB2B8B69344}"
EndProject
Project("{2150E333-8FDC-42A3-9474-1A3956D46DE8}") = "MT.Business", "MT.Business", "{B3D54987-5606-4D0F-8CEF-ABF913E96698}"
EndProject
Project("{FAE04EC0-301F-11D3-BF4B-00C04F79EFBC}") = "MT.Business.IDAL", "MT.Business\MT.Business.IDAL\MT.Business.IDAL.csproj", "{DB1DDD69-948B-4C25-9816-CB097C7F649B}"
EndProject
Project("{FAE04EC0-301F-11D3-BF4B-00C04F79EFBC}") = "MT.Business.DAL", "MT.Business\MT.Business.DAL\MT.Business.DAL.csproj", "{3E724033-4BC2-4755-81D1-96050C738055}"
EndProject
Project("{FAE04EC0-301F-11D3-BF4B-00C04F79EFBC}") = "MT.Business.IBLL", "MT.Business\MT.Business.IBLL\MT.Business.IBLL.csproj", "{EA496692-CEAA-4D39-8EC6-6E90B21B4B69}"
EndProject
Project("{FAE04EC0-301F-11D3-BF4B-00C04F79EFBC}") = "MT.Business.BLL", "MT.Business\MT.Business.BLL\MT.Business.BLL.csproj", "{63AA238B-9C67-44FF-B3E9-F3A0AF288E7A}"
EndProject
Project("{FAE04EC0-301F-11D3-BF4B-00C04F79EFBC}") = "MT.Application.Web", "MT.Application\MT.Application.Web\MT.Application.Web.csproj", "{2B11A439-8D3F-4DE4-98C5-A1C24421CE11}"
EndProject
Project("{FAE04EC0-301F-11D3-BF4B-00C04F79EFBC}") = "MT.Business.Model", "MT.Business\MT.Business.Model\MT.Business.Model.csproj", "{F39AF84C-2ABD-4AE3-A977-35DB7F3125A5}"
EndProject
Project("{FAE04EC0-301F-11D3-BF4B-00C04F79EFBC}") = "MT.Utility.WebControl", "MT.Utility\MT.Utility.WebControl\MT.Utility.WebControl.csproj", "{939C4815-EB46-4F6A-8BDF-45E533C6F0A8}"
EndProject
Project("{FAE04EC0-301F-11D3-BF4B-00C04F79EFBC}") = "MT.Data.Repository", "MT.Data\MT.Data.Repository\MT.Data.Repository.csproj", "{29137979-99CC-49E8-B71E-BC08B83EADFA}"
EndProject
Project("{FAE04EC0-301F-11D3-BF4B-00C04F79EFBC}") = "MT.Data.Base", "MT.Data\MT.Data.Base\MT.Data.Base.csproj", "{CF913EF0-41E2-431F-9611-8F64542AFE0E}"
EndProject
Global
	GlobalSection(SolutionConfigurationPlatforms) = preSolution
		Debug|Any CPU = Debug|Any CPU
		Release|Any CPU = Release|Any CPU
	EndGlobalSection
	GlobalSection(ProjectConfigurationPlatforms) = postSolution
		{DB1DDD69-948B-4C25-9816-CB097C7F649B}.Debug|Any CPU.ActiveCfg = Debug|Any CPU
		{DB1DDD69-948B-4C25-9816-CB097C7F649B}.Debug|Any CPU.Build.0 = Debug|Any CPU
		{DB1DDD69-948B-4C25-9816-CB097C7F649B}.Release|Any CPU.ActiveCfg = Release|Any CPU
		{DB1DDD69-948B-4C25-9816-CB097C7F649B}.Release|Any CPU.Build.0 = Release|Any CPU
		{3E724033-4BC2-4755-81D1-96050C738055}.Debug|Any CPU.ActiveCfg = Debug|Any CPU
		{3E724033-4BC2-4755-81D1-96050C738055}.Debug|Any CPU.Build.0 = Debug|Any CPU
		{3E724033-4BC2-4755-81D1-96050C738055}.Release|Any CPU.ActiveCfg = Release|Any CPU
		{3E724033-4BC2-4755-81D1-96050C738055}.Release|Any CPU.Build.0 = Release|Any CPU
		{EA496692-CEAA-4D39-8EC6-6E90B21B4B69}.Debug|Any CPU.ActiveCfg = Debug|Any CPU
		{EA496692-CEAA-4D39-8EC6-6E90B21B4B69}.Debug|Any CPU.Build.0 = Debug|Any CPU
		{EA496692-CEAA-4D39-8EC6-6E90B21B4B69}.Release|Any CPU.ActiveCfg = Release|Any CPU
		{EA496692-CEAA-4D39-8EC6-6E90B21B4B69}.Release|Any CPU.Build.0 = Release|Any CPU
		{63AA238B-9C67-44FF-B3E9-F3A0AF288E7A}.Debug|Any CPU.ActiveCfg = Debug|Any CPU
		{63AA238B-9C67-44FF-B3E9-F3A0AF288E7A}.Debug|Any CPU.Build.0 = Debug|Any CPU
		{63AA238B-9C67-44FF-B3E9-F3A0AF288E7A}.Release|Any CPU.ActiveCfg = Release|Any CPU
		{63AA238B-9C67-44FF-B3E9-F3A0AF288E7A}.Release|Any CPU.Build.0 = Release|Any CPU
		{2B11A439-8D3F-4DE4-98C5-A1C24421CE11}.Debug|Any CPU.ActiveCfg = Debug|Any CPU
		{2B11A439-8D3F-4DE4-98C5-A1C24421CE11}.Debug|Any CPU.Build.0 = Debug|Any CPU
		{2B11A439-8D3F-4DE4-98C5-A1C24421CE11}.Release|Any CPU.ActiveCfg = Release|Any CPU
		{2B11A439-8D3F-4DE4-98C5-A1C24421CE11}.Release|Any CPU.Build.0 = Release|Any CPU
		{F39AF84C-2ABD-4AE3-A977-35DB7F3125A5}.Debug|Any CPU.ActiveCfg = Debug|Any CPU
		{F39AF84C-2ABD-4AE3-A977-35DB7F3125A5}.Debug|Any CPU.Build.0 = Debug|Any CPU
		{F39AF84C-2ABD-4AE3-A977-35DB7F3125A5}.Release|Any CPU.ActiveCfg = Release|Any CPU
		{F39AF84C-2ABD-4AE3-A977-35DB7F3125A5}.Release|Any CPU.Build.0 = Release|Any CPU
		{939C4815-EB46-4F6A-8BDF-45E533C6F0A8}.Debug|Any CPU.ActiveCfg = Debug|Any CPU
		{939C4815-EB46-4F6A-8BDF-45E533C6F0A8}.Debug|Any CPU.Build.0 = Debug|Any CPU
		{939C4815-EB46-4F6A-8BDF-45E533C6F0A8}.Release|Any CPU.ActiveCfg = Release|Any CPU
		{939C4815-EB46-4F6A-8BDF-45E533C6F0A8}.Release|Any CPU.Build.0 = Release|Any CPU
		{29137979-99CC-49E8-B71E-BC08B83EADFA}.Debug|Any CPU.ActiveCfg = Debug|Any CPU
		{29137979-99CC-49E8-B71E-BC08B83EADFA}.Debug|Any CPU.Build.0 = Debug|Any CPU
		{29137979-99CC-49E8-B71E-BC08B83EADFA}.Release|Any CPU.ActiveCfg = Release|Any CPU
		{29137979-99CC-49E8-B71E-BC08B83EADFA}.Release|Any CPU.Build.0 = Release|Any CPU
		{CF913EF0-41E2-431F-9611-8F64542AFE0E}.Debug|Any CPU.ActiveCfg = Debug|Any CPU
		{CF913EF0-41E2-431F-9611-8F64542AFE0E}.Debug|Any CPU.Build.0 = Debug|Any CPU
		{CF913EF0-41E2-431F-9611-8F64542AFE0E}.Release|Any CPU.ActiveCfg = Release|Any CPU
		{CF913EF0-41E2-431F-9611-8F64542AFE0E}.Release|Any CPU.Build.0 = Release|Any CPU
	EndGlobalSection
	GlobalSection(SolutionProperties) = preSolution
		HideSolutionNode = FALSE
	EndGlobalSection
	GlobalSection(NestedProjects) = preSolution
		{2B11A439-8D3F-4DE4-98C5-A1C24421CE11} = {6EBEA807-778E-45E0-B93F-15666D2D3573}
		{939C4815-EB46-4F6A-8BDF-45E533C6F0A8} = {5A961EDC-E94F-4B61-AB58-DB2CB52F88D9}
		{29137979-99CC-49E8-B71E-BC08B83EADFA} = {AC74636A-CDDD-415C-8E6F-BFB2B8B69344}
		{CF913EF0-41E2-431F-9611-8F64542AFE0E} = {AC74636A-CDDD-415C-8E6F-BFB2B8B69344}
		{DB1DDD69-948B-4C25-9816-CB097C7F649B} = {B3D54987-5606-4D0F-8CEF-ABF913E96698}
		{3E724033-4BC2-4755-81D1-96050C738055} = {B3D54987-5606-4D0F-8CEF-ABF913E96698}
		{EA496692-CEAA-4D39-8EC6-6E90B21B4B69} = {B3D54987-5606-4D0F-8CEF-ABF913E96698}
		{63AA238B-9C67-44FF-B3E9-F3A0AF288E7A} = {B3D54987-5606-4D0F-8CEF-ABF913E96698}
		{F39AF84C-2ABD-4AE3-A977-35DB7F3125A5} = {B3D54987-5606-4D0F-8CEF-ABF913E96698}
	EndGlobalSection
EndGlobal
